PODS:
  - Alamofire (4.8.2)
  - ProcessOut (2.7.0):
    - Alamofire (~> 4.8.2)

DEPENDENCIES:
  - ProcessOut (from `../`)

SPEC REPOS:
  https://github.com/cocoapods/specs.git:
    - Alamofire

EXTERNAL SOURCES:
  ProcessOut:
    :path: "../"

SPEC CHECKSUMS:
  Alamofire: ae5c501addb7afdbb13687d7f2f722c78734c2d3
  ProcessOut: 7cdfd6c89465f0071e0670474db3256c8978076a

PODFILE CHECKSUM: a4aebd72d94eeedf527d59beb1806db4b6cd5ad9

COCOAPODS: 1.5.3
