PODS:
  - Alamofire (4.6.0)
  - ProcessOut (2.3.1):
    - Alamofire (~> 4.5)

DEPENDENCIES:
  - ProcessOut (from `../`)

SPEC REPOS:
  https://github.com/cocoapods/specs.git:
    - Alamofire

EXTERNAL SOURCES:
  ProcessOut:
    :path: "../"

SPEC CHECKSUMS:
  Alamofire: f41a599bd63041760b26d393ec1069d9d7b917f4
  ProcessOut: 318ae8dd5cd3c721ccd676a0c85ce44084af9b65

PODFILE CHECKSUM: f288598a5e45104ecc5261d9643743aca9aa94d1

COCOAPODS: 1.5.3
