{
  "originHash" : "ec8c167c1f05f4a9078e26730ff2bc1f8054b9ed8d90a3f19e6bec5cf04c0b9e",
  "pins" : [
    {
      "identity" : "checkout-3ds-sdk-ios",
      "kind" : "remoteSourceControl",
      "location" : "https://github.com/checkout/checkout-3ds-sdk-ios",
      "state" : {
        "revision" : "17bee169a7ef971f85513a90a07af34e830ff19a",
        "version" : "3.2.5"
      }
    },
    {
      "identity" : "checkout-event-logger-ios-framework",
      "kind" : "remoteSourceControl",
      "location" : "https://github.com/checkout/checkout-event-logger-ios-framework.git",
      "state" : {
        "revision" : "a914d754b4ffb1843730e8e1f8e7e60c4bf81cf9",
        "version" : "1.2.4"
      }
    },
    {
      "identity" : "spm",
      "kind" : "remoteSourceControl",
      "location" : "https://github.com/ios-3ds-sdk/SPM",
      "state" : {
        "revision" : "421449969baa6ef80c33fd077c217f724ccfd348",
        "version" : "2.5.30"
      }
    },
    {
      "identity" : "swift-cmark",
      "kind" : "remoteSourceControl",
      "location" : "https://github.com/swiftlang/swift-cmark",
      "state" : {
        "revision" : "b022b08312decdc46585e0b3440d97f6f22ef703",
        "version" : "0.6.0"
      }
    }
  ],
  "version" : 3
}
