{
  "originHash" : "772fa5a1381fb7fb9e0191e91027d19e29ef15c9fe0557e9719277e15edfdb23",
  "pins" : [
    {
      "identity" : "checkout-3ds-sdk-ios",
      "kind" : "remoteSourceControl",
      "location" : "https://github.com/checkout/checkout-3ds-sdk-ios",
      "state" : {
        "revision" : "69790aaef65dae9538981190c80be4d9d9eda31f",
        "version" : "3.2.9"
      }
    },
    {
      "identity" : "checkout-event-logger-ios-framework",
      "kind" : "remoteSourceControl",
      "location" : "https://github.com/checkout/checkout-event-logger-ios-framework.git",
      "state" : {
        "revision" : "a914d754b4ffb1843730e8e1f8e7e60c4bf81cf9",
        "version" : "1.2.4"
      }
    },
    {
      "identity" : "spm",
      "kind" : "remoteSourceControl",
      "location" : "https://github.com/ios-3ds-sdk/SPM",
      "state" : {
        "revision" : "bf1c56bc9722ea15078f855445c7d66e6e5b7128",
        "version" : "2.5.32"
      }
    },
    {
      "identity" : "swift-cmark",
      "kind" : "remoteSourceControl",
      "location" : "https://github.com/swiftlang/swift-cmark",
      "state" : {
        "revision" : "b022b08312decdc46585e0b3440d97f6f22ef703",
        "version" : "0.6.0"
      }
    }
  ],
  "version" : 3
}
