{
  "originHash" : "266863387af04e16a0f954fb43175ab621bcb1685384b8fb6abf643e46088d62",
  "pins" : [
    {
      "identity" : "checkout-3ds-sdk-ios",
      "kind" : "remoteSourceControl",
      "location" : "https://github.com/checkout/checkout-3ds-sdk-ios",
      "state" : {
        "revision" : "69790aaef65dae9538981190c80be4d9d9eda31f",
        "version" : "3.2.9"
      }
    },
    {
      "identity" : "checkout-event-logger-ios-framework",
      "kind" : "remoteSourceControl",
      "location" : "https://github.com/checkout/checkout-event-logger-ios-framework",
      "state" : {
        "revision" : "a914d754b4ffb1843730e8e1f8e7e60c4bf81cf9",
        "version" : "1.2.4"
      }
    },
    {
      "identity" : "spm",
      "kind" : "remoteSourceControl",
      "location" : "https://github.com/ios-3ds-sdk/SPM",
      "state" : {
        "revision" : "421449969baa6ef80c33fd077c217f724ccfd348",
        "version" : "2.5.30"
      }
    },
    {
      "identity" : "swift-cmark",
      "kind" : "remoteSourceControl",
      "location" : "https://github.com/swiftlang/swift-cmark",
      "state" : {
        "revision" : "b022b08312decdc46585e0b3440d97f6f22ef703",
        "version" : "0.6.0"
      }
    }
  ],
  "version" : 3
}
