{
  "originHash" : "4f3cede1cc7a25636df024aefb0bc09574094aab273612fbc1191e7de9353c14",
  "pins" : [
    {
      "identity" : "checkout-3ds-sdk-ios",
      "kind" : "remoteSourceControl",
      "location" : "https://github.com/checkout/checkout-3ds-sdk-ios",
      "state" : {
        "revision" : "17bee169a7ef971f85513a90a07af34e830ff19a",
        "version" : "3.2.5"
      }
    },
    {
      "identity" : "checkout-event-logger-ios-framework",
      "kind" : "remoteSourceControl",
      "location" : "https://github.com/checkout/checkout-event-logger-ios-framework",
      "state" : {
        "revision" : "a914d754b4ffb1843730e8e1f8e7e60c4bf81cf9",
        "version" : "1.2.4"
      }
    },
    {
      "identity" : "spm",
      "kind" : "remoteSourceControl",
      "location" : "https://github.com/ios-3ds-sdk/SPM",
      "state" : {
        "revision" : "bf1c56bc9722ea15078f855445c7d66e6e5b7128",
        "version" : "2.5.32"
      }
    },
    {
      "identity" : "swift-cmark",
      "kind" : "remoteSourceControl",
      "location" : "https://github.com/swiftlang/swift-cmark",
      "state" : {
        "revision" : "b022b08312decdc46585e0b3440d97f6f22ef703",
        "version" : "0.6.0"
      }
    }
  ],
  "version" : 3
}
